
Microsoft Visual Studio Solution File, Format Version 12.00
# Visual Studio Version 17
VisualStudioVersion = 17.14.36623.8 d17.14
MinimumVisualStudioVersion = 10.0.40219.1
Project("{FAE04EC0-301F-11D3-BF4B-00C04F79EFBC}") = "Cryptography", "Cryptography.csproj", "{48626ECE-955F-4260-8C60-E4064E81F600}"
EndProject
Global
	GlobalSection(SolutionConfigurationPlatforms) = preSolution
		Debug|Any CPU = Debug|Any CPU
		Release|Any CPU = Release|Any CPU
	EndGlobalSection
	GlobalSection(ProjectConfigurationPlatforms) = postSolution
		{48626ECE-955F-4260-8C60-E4064E81F600}.Debug|Any CPU.ActiveCfg = Debug|Any CPU
		{48626ECE-955F-4260-8C60-E4064E81F600}.Debug|Any CPU.Build.0 = Debug|Any CPU
		{48626ECE-955F-4260-8C60-E4064E81F600}.Release|Any CPU.ActiveCfg = Release|Any CPU
		{48626ECE-955F-4260-8C60-E4064E81F600}.Release|Any CPU.Build.0 = Release|Any CPU
	EndGlobalSection
	GlobalSection(SolutionProperties) = preSolution
		HideSolutionNode = FALSE
	EndGlobalSection
	GlobalSection(ExtensibilityGlobals) = postSolution
		SolutionGuid = {ABED9FA1-042F-4216-9433-6FE2D919A4F1}
	EndGlobalSection
EndGlobal
